
Microsoft Visual Studio Solution File, Format Version 12.00
# Visual Studio Version 16
VisualStudioVersion = 16.0.31410.357
MinimumVisualStudioVersion = 10.0.40219.1
Project("{FAE04EC0-301F-11D3-BF4B-00C04F79EFBC}") = "Two_mails_Tests", "Two_mails_Tests.csproj", "{F17CB2F1-234A-4385-A039-A252A65050AD}"
EndProject
Global
	GlobalSection(SolutionConfigurationPlatforms) = preSolution
		Debug|Any CPU = Debug|Any CPU
		Release|Any CPU = Release|Any CPU
	EndGlobalSection
	GlobalSection(ProjectConfigurationPlatforms) = postSolution
		{F17CB2F1-234A-4385-A039-A252A65050AD}.Debug|Any CPU.ActiveCfg = Debug|Any CPU
		{F17CB2F1-234A-4385-A039-A252A65050AD}.Debug|Any CPU.Build.0 = Debug|Any CPU
		{F17CB2F1-234A-4385-A039-A252A65050AD}.Release|Any CPU.ActiveCfg = Release|Any CPU
		{F17CB2F1-234A-4385-A039-A252A65050AD}.Release|Any CPU.Build.0 = Release|Any CPU
	EndGlobalSection
	GlobalSection(SolutionProperties) = preSolution
		HideSolutionNode = FALSE
	EndGlobalSection
	GlobalSection(ExtensibilityGlobals) = postSolution
		SolutionGuid = {4F8210C6-2ED9-4F18-AAE1-3A037A8BDDAB}
	EndGlobalSection
EndGlobal
